
Microsoft Visual Studio Solution File, Format Version 12.00
# Visual Studio Version 17
VisualStudioVersion = 17.9.34714.143
MinimumVisualStudioVersion = 10.0.40219.1
Project("{FAE04EC0-301F-11D3-BF4B-00C04F79EFBC}") = "HaveFun02", "HaveFun02.csproj", "{F61CBBE3-D9E7-4C10-A1A0-10683BD9E793}"
EndProject
Global
	GlobalSection(SolutionConfigurationPlatforms) = preSolution
		Debug|Any CPU = Debug|Any CPU
		Release|Any CPU = Release|Any CPU
	EndGlobalSection
	GlobalSection(ProjectConfigurationPlatforms) = postSolution
		{F61CBBE3-D9E7-4C10-A1A0-10683BD9E793}.Debug|Any CPU.ActiveCfg = Debug|Any CPU
		{F61CBBE3-D9E7-4C10-A1A0-10683BD9E793}.Debug|Any CPU.Build.0 = Debug|Any CPU
		{F61CBBE3-D9E7-4C10-A1A0-10683BD9E793}.Release|Any CPU.ActiveCfg = Release|Any CPU
		{F61CBBE3-D9E7-4C10-A1A0-10683BD9E793}.Release|Any CPU.Build.0 = Release|Any CPU
	EndGlobalSection
	GlobalSection(SolutionProperties) = preSolution
		HideSolutionNode = FALSE
	EndGlobalSection
	GlobalSection(ExtensibilityGlobals) = postSolution
		SolutionGuid = {B55BC263-5A29-4475-AB6B-81387609460D}
	EndGlobalSection
EndGlobal
